// !$*UTF8*$!
{
	archiveVersion = 1;
	classes = {
	};
	objectVersion = 46;
	objects = {

/* Begin PBXBuildFile section */
		4866BA721D1F57E4002157BF /* CalculatorTests.swift in Sources */ = {isa = PBXBuildFile; fileRef = 489790C31D1F52B400DF7E6B /* CalculatorTests.swift */; };
		4866BA731D1F58FA002157BF /* CalculatorBrain.swift in Sources */ = {isa = PBXBuildFile; fileRef = 48F07F7C1CF7275C00CA338A /* CalculatorBrain.swift */; };
		48D14EB41CD8448600DC6AE2 /* AppDelegate.swift in Sources */ = {isa = PBXBuildFile; fileRef = 48D14EB31CD8448600DC6AE2 /* AppDelegate.swift */; };
		48D14EB61CD8448600DC6AE2 /* ViewController.swift in Sources */ = {isa = PBXBuildFile; fileRef = 48D14EB51CD8448600DC6AE2 /* ViewController.swift */; };
		48D14EB91CD8448600DC6AE2 /* Main.storyboard in Resources */ = {isa = PBXBuildFile; fileRef = 48D14EB71CD8448600DC6AE2 /* Main.storyboard */; };
		48D14EBB1CD8448600DC6AE2 /* Assets.xcassets in Resources */ = {isa = PBXBuildFile; fileRef = 48D14EBA1CD8448600DC6AE2 /* Assets.xcassets */; };
		48D14EBE1CD8448600DC6AE2 /* LaunchScreen.storyboard in Resources */ = {isa = PBXBuildFile; fileRef = 48D14EBC1CD8448600DC6AE2 /* LaunchScreen.storyboard */; };
		48F07F7D1CF7275C00CA338A /* CalculatorBrain.swift in Sources */ = {isa = PBXBuildFile; fileRef = 48F07F7C1CF7275C00CA338A /* CalculatorBrain.swift */; };
/* End PBXBuildFile section */

/* Begin PBXContainerItemProxy section */
		489790C61D1F52B400DF7E6B /* PBXContainerItemProxy */ = {
			isa = PBXContainerItemProxy;
			containerPortal = 48D14EA81CD8448600DC6AE2 /* Project object */;
			proxyType = 1;
			remoteGlobalIDString = 48D14EAF1CD8448600DC6AE2;
			remoteInfo = Calculator;
		};
/* End PBXContainerItemProxy section */

/* Begin PBXFileReference section */
		489790C11D1F52B400DF7E6B /* CalculatorTests.xctest */ = {isa = PBXFileReference; explicitFileType = wrapper.cfbundle; includeInIndex = 0; path = CalculatorTests.xctest; sourceTree = BUILT_PRODUCTS_DIR; };
		489790C31D1F52B400DF7E6B /* CalculatorTests.swift */ = {isa = PBXFileReference; lastKnownFileType = sourcecode.swift; path = CalculatorTests.swift; sourceTree = "<group>"; };
		489790C51D1F52B400DF7E6B /* Info.plist */ = {isa = PBXFileReference; lastKnownFileType = text.plist.xml; path = Info.plist; sourceTree = "<group>"; };
		48D14EB01CD8448600DC6AE2 /* Calculator.app */ = {isa = PBXFileReference; explicitFileType = wrapper.application; includeInIndex = 0; path = Calculator.app; sourceTree = BUILT_PRODUCTS_DIR; };
		48D14EB31CD8448600DC6AE2 /* AppDelegate.swift */ = {isa = PBXFileReference; lastKnownFileType = sourcecode.swift; path = AppDelegate.swift; sourceTree = "<group>"; };
		48D14EB51CD8448600DC6AE2 /* ViewController.swift */ = {isa = PBXFileReference; lastKnownFileType = sourcecode.swift; path = ViewController.swift; sourceTree = "<group>"; };
		48D14EB81CD8448600DC6AE2 /* Base */ = {isa = PBXFileReference; lastKnownFileType = file.storyboard; name = Base; path = Base.lproj/Main.storyboard; sourceTree = "<group>"; };
		48D14EBA1CD8448600DC6AE2 /* Assets.xcassets */ = {isa = PBXFileReference; lastKnownFileType = folder.assetcatalog; path = Assets.xcassets; sourceTree = "<group>"; };
		48D14EBD1CD8448600DC6AE2 /* Base */ = {isa = PBXFileReference; lastKnownFileType = file.storyboard; name = Base; path = Base.lproj/LaunchScreen.storyboard; sourceTree = "<group>"; };
		48D14EBF1CD8448600DC6AE2 /* Info.plist */ = {isa = PBXFileReference; lastKnownFileType = text.plist.xml; path = Info.plist; sourceTree = "<group>"; };
		48F07F7C1CF7275C00CA338A /* CalculatorBrain.swift */ = {isa = PBXFileReference; fileEncoding = 4; lastKnownFileType = sourcecode.swift; path = CalculatorBrain.swift; sourceTree = "<group>"; };
/* End PBXFileReference section */

/* Begin PBXFrameworksBuildPhase section */
		489790BE1D1F52B400DF7E6B /* Frameworks */ = {
			isa = PBXFrameworksBuildPhase;
			buildActionMask = 2147483647;
			files = (
			);
			runOnlyForDeploymentPostprocessing = 0;
		};
		48D14EAD1CD8448600DC6AE2 /* Frameworks */ = {
			isa = PBXFrameworksBuildPhase;
			buildActionMask = 2147483647;
			files = (
			);
			runOnlyForDeploymentPostprocessing = 0;
		};
/* End PBXFrameworksBuildPhase section */

/* Begin PBXGroup section */
		489790C21D1F52B400DF7E6B /* CalculatorTests */ = {
			isa = PBXGroup;
			children = (
				489790C31D1F52B400DF7E6B /* CalculatorTests.swift */,
				489790C51D1F52B400DF7E6B /* Info.plist */,
			);
			path = CalculatorTests;
			sourceTree = "<group>";
		};
		48D14EA71CD8448600DC6AE2 = {
			isa = PBXGroup;
			children = (
				48D14EB21CD8448600DC6AE2 /* Calculator */,
				489790C21D1F52B400DF7E6B /* CalculatorTests */,
				48D14EB11CD8448600DC6AE2 /* Products */,
			);
			sourceTree = "<group>";
		};
		48D14EB11CD8448600DC6AE2 /* Products */ = {
			isa = PBXGroup;
			children = (
				48D14EB01CD8448600DC6AE2 /* Calculator.app */,
				489790C11D1F52B400DF7E6B /* CalculatorTests.xctest */,
			);
			name = Products;
			sourceTree = "<group>";
		};
		48D14EB21CD8448600DC6AE2 /* Calculator */ = {
			isa = PBXGroup;
			children = (
				48D14EC51CD8489500DC6AE2 /* Supporting Files */,
				48D14EB51CD8448600DC6AE2 /* ViewController.swift */,
				48D14EB71CD8448600DC6AE2 /* Main.storyboard */,
				48F07F7C1CF7275C00CA338A /* CalculatorBrain.swift */,
			);
			path = Calculator;
			sourceTree = "<group>";
		};
		48D14EC51CD8489500DC6AE2 /* Supporting Files */ = {
			isa = PBXGroup;
			children = (
				48D14EB31CD8448600DC6AE2 /* AppDelegate.swift */,
				48D14EBA1CD8448600DC6AE2 /* Assets.xcassets */,
				48D14EBC1CD8448600DC6AE2 /* LaunchScreen.storyboard */,
				48D14EBF1CD8448600DC6AE2 /* Info.plist */,
			);
			name = "Supporting Files";
			sourceTree = "<group>";
		};
/* End PBXGroup section */

/* Begin PBXNativeTarget section */
		489790C01D1F52B400DF7E6B /* CalculatorTests */ = {
			isa = PBXNativeTarget;
			buildConfigurationList = 489790CA1D1F52B400DF7E6B /* Build configuration list for PBXNativeTarget "CalculatorTests" */;
			buildPhases = (
				489790BD1D1F52B400DF7E6B /* Sources */,
				489790BE1D1F52B400DF7E6B /* Frameworks */,
				489790BF1D1F52B400DF7E6B /* Resources */,
			);
			buildRules = (
			);
			dependencies = (
				489790C71D1F52B400DF7E6B /* PBXTargetDependency */,
			);
			name = CalculatorTests;
			productName = CalculatorTests;
			productReference = 489790C11D1F52B400DF7E6B /* CalculatorTests.xctest */;
			productType = "com.apple.product-type.bundle.unit-test";
		};
		48D14EAF1CD8448600DC6AE2 /* Calculator */ = {
			isa = PBXNativeTarget;
			buildConfigurationList = 48D14EC21CD8448600DC6AE2 /* Build configuration list for PBXNativeTarget "Calculator" */;
			buildPhases = (
				48D14EAC1CD8448600DC6AE2 /* Sources */,
				48D14EAD1CD8448600DC6AE2 /* Frameworks */,
				48D14EAE1CD8448600DC6AE2 /* Resources */,
			);
			buildRules = (
			);
			dependencies = (
			);
			name = Calculator;
			productName = Calculator;
			productReference = 48D14EB01CD8448600DC6AE2 /* Calculator.app */;
			productType = "com.apple.product-type.application";
		};
/* End PBXNativeTarget section */

/* Begin PBXProject section */
		48D14EA81CD8448600DC6AE2 /* Project object */ = {
			isa = PBXProject;
			attributes = {
				LastSwiftUpdateCheck = 0730;
				LastUpgradeCheck = 0730;
				ORGANIZATIONNAME = "Aditya Bhat";
				TargetAttributes = {
					489790C01D1F52B400DF7E6B = {
						CreatedOnToolsVersion = 7.3.1;
						TestTargetID = 48D14EAF1CD8448600DC6AE2;
					};
					48D14EAF1CD8448600DC6AE2 = {
						CreatedOnToolsVersion = 7.3;
						DevelopmentTeam = 9JN3X82564;
					};
				};
			};
			buildConfigurationList = 48D14EAB1CD8448600DC6AE2 /* Build configuration list for PBXProject "Calculator" */;
			compatibilityVersion = "Xcode 3.2";
			developmentRegion = English;
			hasScannedForEncodings = 0;
			knownRegions = (
				en,
				Base,
			);
			mainGroup = 48D14EA71CD8448600DC6AE2;
			productRefGroup = 48D14EB11CD8448600DC6AE2 /* Products */;
			projectDirPath = "";
			projectRoot = "";
			targets = (
				48D14EAF1CD8448600DC6AE2 /* Calculator */,
				489790C01D1F52B400DF7E6B /* CalculatorTests */,
			);
		};
/* End PBXProject section */

/* Begin PBXResourcesBuildPhase section */
		489790BF1D1F52B400DF7E6B /* Resources */ = {
			isa = PBXResourcesBuildPhase;
			buildActionMask = 2147483647;
			files = (
			);
			runOnlyForDeploymentPostprocessing = 0;
		};
		48D14EAE1CD8448600DC6AE2 /* Resources */ = {
			isa = PBXResourcesBuildPhase;
			buildActionMask = 2147483647;
			files = (
				48D14EBE1CD8448600DC6AE2 /* LaunchScreen.storyboard in Resources */,
				48D14EBB1CD8448600DC6AE2 /* Assets.xcassets in Resources */,
				48D14EB91CD8448600DC6AE2 /* Main.storyboard in Resources */,
			);
			runOnlyForDeploymentPostprocessing = 0;
		};
/* End PBXResourcesBuildPhase section */

/* Begin PBXSourcesBuildPhase section */
		489790BD1D1F52B400DF7E6B /* Sources */ = {
			isa = PBXSourcesBuildPhase;
			buildActionMask = 2147483647;
			files = (
				4866BA731D1F58FA002157BF /* CalculatorBrain.swift in Sources */,
				4866BA721D1F57E4002157BF /* CalculatorTests.swift in Sources */,
			);
			runOnlyForDeploymentPostprocessing = 0;
		};
		48D14EAC1CD8448600DC6AE2 /* Sources */ = {
			isa = PBXSourcesBuildPhase;
			buildActionMask = 2147483647;
			files = (
				48F07F7D1CF7275C00CA338A /* CalculatorBrain.swift in Sources */,
				48D14EB61CD8448600DC6AE2 /* ViewController.swift in Sources */,
				48D14EB41CD8448600DC6AE2 /* AppDelegate.swift in Sources */,
			);
			runOnlyForDeploymentPostprocessing = 0;
		};
/* End PBXSourcesBuildPhase section */

/* Begin PBXTargetDependency section */
		489790C71D1F52B400DF7E6B /* PBXTargetDependency */ = {
			isa = PBXTargetDependency;
			target = 48D14EAF1CD8448600DC6AE2 /* Calculator */;
			targetProxy = 489790C61D1F52B400DF7E6B /* PBXContainerItemProxy */;
		};
/* End PBXTargetDependency section */

/* Begin PBXVariantGroup section */
		48D14EB71CD8448600DC6AE2 /* Main.storyboard */ = {
			isa = PBXVariantGroup;
			children = (
				48D14EB81CD8448600DC6AE2 /* Base */,
			);
			name = Main.storyboard;
			sourceTree = "<group>";
		};
		48D14EBC1CD8448600DC6AE2 /* LaunchScreen.storyboard */ = {
			isa = PBXVariantGroup;
			children = (
				48D14EBD1CD8448600DC6AE2 /* Base */,
			);
			name = LaunchScreen.storyboard;
			sourceTree = "<group>";
		};
/* End PBXVariantGroup section */

/* Begin XCBuildConfiguration section */
		489790C81D1F52B400DF7E6B /* Debug */ = {
			isa = XCBuildConfiguration;
			buildSettings = {
				BUNDLE_LOADER = "$(TEST_HOST)";
				INFOPLIST_FILE = CalculatorTests/Info.plist;
				LD_RUNPATH_SEARCH_PATHS = "$(inherited) @executable_path/Frameworks @loader_path/Frameworks";
				PRODUCT_BUNDLE_IDENTIFIER = diddly.bot.studios.CalculatorTests;
				PRODUCT_NAME = "$(TARGET_NAME)";
				TEST_HOST = "$(BUILT_PRODUCTS_DIR)/Calculator.app/Calculator";
			};
			name = Debug;
		};
		489790C91D1F52B400DF7E6B /* Release */ = {
			isa = XCBuildConfiguration;
			buildSettings = {
				BUNDLE_LOADER = "$(TEST_HOST)";
				INFOPLIST_FILE = CalculatorTests/Info.plist;
				LD_RUNPATH_SEARCH_PATHS = "$(inherited) @executable_path/Frameworks @loader_path/Frameworks";
				PRODUCT_BUNDLE_IDENTIFIER = diddly.bot.studios.CalculatorTests;
				PRODUCT_NAME = "$(TARGET_NAME)";
				TEST_HOST = "$(BUILT_PRODUCTS_DIR)/Calculator.app/Calculator";
			};
			name = Release;
		};
		48D14EC01CD8448600DC6AE2 /* Debug */ = {
			isa = XCBuildConfiguration;
			buildSettings = {
				ALWAYS_SEARCH_USER_PATHS = NO;
				CLANG_ANALYZER_NONNULL = YES;
				CLANG_CXX_LANGUAGE_STANDARD = "gnu++0x";
				CLANG_CXX_LIBRARY = "libc++";
				CLANG_ENABLE_MODULES = YES;
				CLANG_ENABLE_OBJC_ARC = YES;
				CLANG_WARN_BOOL_CONVERSION = YES;
				CLANG_WARN_CONSTANT_CONVERSION = YES;
				CLANG_WARN_DIRECT_OBJC_ISA_USAGE = YES_ERROR;
				CLANG_WARN_EMPTY_BODY = YES;
				CLANG_WARN_ENUM_CONVERSION = YES;
				CLANG_WARN_INT_CONVERSION = YES;
				CLANG_WARN_OBJC_ROOT_CLASS = YES_ERROR;
				CLANG_WARN_UNREACHABLE_CODE = YES;
				CLANG_WARN__DUPLICATE_METHOD_MATCH = YES;
				"CODE_SIGN_IDENTITY[sdk=iphoneos*]" = "iPhone Developer";
				COPY_PHASE_STRIP = NO;
				DEBUG_INFORMATION_FORMAT = dwarf;
				ENABLE_STRICT_OBJC_MSGSEND = YES;
				ENABLE_TESTABILITY = YES;
				GCC_C_LANGUAGE_STANDARD = gnu99;
				GCC_DYNAMIC_NO_PIC = NO;
				GCC_NO_COMMON_BLOCKS = YES;
				GCC_OPTIMIZATION_LEVEL = 0;
				GCC_PREPROCESSOR_DEFINITIONS = (
					"DEBUG=1",
					"$(inherited)",
				);
				GCC_WARN_64_TO_32_BIT_CONVERSION = YES;
				GCC_WARN_ABOUT_RETURN_TYPE = YES_ERROR;
				GCC_WARN_UNDECLARED_SELECTOR = YES;
				GCC_WARN_UNINITIALIZED_AUTOS = YES_AGGRESSIVE;
				GCC_WARN_UNUSED_FUNCTION = YES;
				GCC_WARN_UNUSED_VARIABLE = YES;
				IPHONEOS_DEPLOYMENT_TARGET = 9.3;
				MTL_ENABLE_DEBUG_INFO = YES;
				ONLY_ACTIVE_ARCH = YES;
				SDKROOT = iphoneos;
				SWIFT_OPTIMIZATION_LEVEL = "-Onone";
				TARGETED_DEVICE_FAMILY = "1,2";
			};
			name = Debug;
		};
		48D14EC11CD8448600DC6AE2 /* Release */ = {
			isa = XCBuildConfiguration;
			buildSettings = {
				ALWAYS_SEARCH_USER_PATHS = NO;
				CLANG_ANALYZER_NONNULL = YES;
				CLANG_CXX_LANGUAGE_STANDARD = "gnu++0x";
				CLANG_CXX_LIBRARY = "libc++";
				CLANG_ENABLE_MODULES = YES;
				CLANG_ENABLE_OBJC_ARC = YES;
				CLANG_WARN_BOOL_CONVERSION = YES;
				CLANG_WARN_CONSTANT_CONVERSION = YES;
				CLANG_WARN_DIRECT_OBJC_ISA_USAGE = YES_ERROR;
				CLANG_WARN_EMPTY_BODY = YES;
				CLANG_WARN_ENUM_CONVERSION = YES;
				CLANG_WARN_INT_CONVERSION = YES;
				CLANG_WARN_OBJC_ROOT_CLASS = YES_ERROR;
				CLANG_WARN_UNREACHABLE_CODE = YES;
				CLANG_WARN__DUPLICATE_METHOD_MATCH = YES;
				"CODE_SIGN_IDENTITY[sdk=iphoneos*]" = "iPhone Developer";
				COPY_PHASE_STRIP = NO;
				DEBUG_INFORMATION_FORMAT = "dwarf-with-dsym";
				ENABLE_NS_ASSERTIONS = NO;
				ENABLE_STRICT_OBJC_MSGSEND = YES;
				GCC_C_LANGUAGE_STANDARD = gnu99;
				GCC_NO_COMMON_BLOCKS = YES;
				GCC_WARN_64_TO_32_BIT_CONVERSION = YES;
				GCC_WARN_ABOUT_RETURN_TYPE = YES_ERROR;
				GCC_WARN_UNDECLARED_SELECTOR = YES;
				GCC_WARN_UNINITIALIZED_AUTOS = YES_AGGRESSIVE;
				GCC_WARN_UNUSED_FUNCTION = YES;
				GCC_WARN_UNUSED_VARIABLE = YES;
				IPHONEOS_DEPLOYMENT_TARGET = 9.3;
				MTL_ENABLE_DEBUG_INFO = NO;
				SDKROOT = iphoneos;
				TARGETED_DEVICE_FAMILY = "1,2";
				VALIDATE_PRODUCT = YES;
			};
			name = Release;
		};
		48D14EC31CD8448600DC6AE2 /* Debug */ = {
			isa = XCBuildConfiguration;
			buildSettings = {
				ASSETCATALOG_COMPILER_APPICON_NAME = AppIcon;
				CODE_SIGN_IDENTITY = "iPhone Developer";
				INFOPLIST_FILE = Calculator/Info.plist;
				LD_RUNPATH_SEARCH_PATHS = "$(inherited) @executable_path/Frameworks";
				PRODUCT_BUNDLE_IDENTIFIER = diddly.bot.studios.Calculator;
				PRODUCT_NAME = "$(TARGET_NAME)";
			};
			name = Debug;
		};
		48D14EC41CD8448600DC6AE2 /* Release */ = {
			isa = XCBuildConfiguration;
			buildSettings = {
				ASSETCATALOG_COMPILER_APPICON_NAME = AppIcon;
				CODE_SIGN_IDENTITY = "iPhone Developer";
				INFOPLIST_FILE = Calculator/Info.plist;
				LD_RUNPATH_SEARCH_PATHS = "$(inherited) @executable_path/Frameworks";
				PRODUCT_BUNDLE_IDENTIFIER = diddly.bot.studios.Calculator;
				PRODUCT_NAME = "$(TARGET_NAME)";
			};
			name = Release;
		};
/* End XCBuildConfiguration section */

/* Begin XCConfigurationList section */
		489790CA1D1F52B400DF7E6B /* Build configuration list for PBXNativeTarget "CalculatorTests" */ = {
			isa = XCConfigurationList;
			buildConfigurations = (
				489790C81D1F52B400DF7E6B /* Debug */,
				489790C91D1F52B400DF7E6B /* Release */,
			);
			defaultConfigurationIsVisible = 0;
			defaultConfigurationName = Release;
		};
		48D14EAB1CD8448600DC6AE2 /* Build configuration list for PBXProject "Calculator" */ = {
			isa = XCConfigurationList;
			buildConfigurations = (
				48D14EC01CD8448600DC6AE2 /* Debug */,
				48D14EC11CD8448600DC6AE2 /* Release */,
			);
			defaultConfigurationIsVisible = 0;
			defaultConfigurationName = Release;
		};
		48D14EC21CD8448600DC6AE2 /* Build configuration list for PBXNativeTarget "Calculator" */ = {
			isa = XCConfigurationList;
			buildConfigurations = (
				48D14EC31CD8448600DC6AE2 /* Debug */,
				48D14EC41CD8448600DC6AE2 /* Release */,
			);
			defaultConfigurationIsVisible = 0;
			defaultConfigurationName = Release;
		};
/* End XCConfigurationList section */
	};
	rootObject = 48D14EA81CD8448600DC6AE2 /* Project object */;
}
